wrapper:
  path: ../hunav-isaac-wrapper-jazzy
  sha: 1d0bde2ece762e9bfffbc7edb73ec08b75ee0193
  tag: v0.2.0
hunav:
  path: ../hunav-sim-jazzy
  sha: dea523b9f9d27d2e1e7d0e2930fbbef141fa2a7d
  tag: v0.2.0
esc:
  path: ../esc-nav-jazzy
  sha: dd60ffff2aa3b573732388e73b87eba277d0e3c0
  tag: v0.2.0
assets:
  path: ../social-nav-assets
  sha: f14ae366b8c5241bb00f7352e56c2ec6357d9f55
  tag: v0.2.0
  bundle: dist/prebuilt-assets-v0.1.0-candidate.tar.zst
  bundle_sha256: 07a3c845c47abe6689f35eaab93b3013021b8b0f35c846ddb4c6e3a4eacf5692
scientific_freeze:
  isaac_social_nav: 76f10a96b43c890618b3fd6c19575328945e1a07
  wrapper_lab_clone: 64e8bb3c69eb7cd467e87e6a4254d7471858698a
  hunav_lab_clone: 5cba35e74b6d7f8f08fc8bd857953f21064a873d
  esc_cardiff: c67d74ab13b893547a98b5e6cc2e310ffe28b28f
