wrapper:
  path: ../hunav-isaac-wrapper-jazzy
  sha: 79aa79784a7d86a85a9f17e01f7570955ed6d394
  tag: v0.2.2
hunav:
  path: ../hunav-sim-jazzy
  sha: 58a7d940d57a472fd846f38d2a70a4b342e82a61
  tag: v0.2.2
esc:
  path: ../esc-nav-jazzy
  sha: 9e3fdde4d6c56c3ac08419072a2d3a4f8be8a9a6
  tag: v0.2.2
assets:
  path: ../social-nav-assets
  sha: 870383140757173d7daeb91511c1591f6f1fe124
  tag: v0.2.2
  bundle: dist/prebuilt-assets-v0.1.0-candidate.tar.zst
  bundle_sha256: 07a3c845c47abe6689f35eaab93b3013021b8b0f35c846ddb4c6e3a4eacf5692
scientific_freeze:
  isaac_social_nav: 76f10a96b43c890618b3fd6c19575328945e1a07
  wrapper_lab_clone: 64e8bb3c69eb7cd467e87e6a4254d7471858698a
  hunav_lab_clone: 5cba35e74b6d7f8f08fc8bd857953f21064a873d
  esc_cardiff: c67d74ab13b893547a98b5e6cc2e310ffe28b28f
