wrapper:
  path: ../hunav-isaac-wrapper-jazzy
  sha: 79aa79784a7d86a85a9f17e01f7570955ed6d394
  tag: v0.2.7
hunav:
  path: ../hunav-sim-jazzy
  sha: 58a7d940d57a472fd846f38d2a70a4b342e82a61
  tag: v0.2.7
esc:
  path: ../esc-nav-jazzy
  sha: b792ad0323caf3a36a25a3843dc63f2d70a00879
  tag: v0.2.7
assets:
  path: ../social-nav-assets
  sha: c7a10a72bde29f5b8cbc4bfc808de31168beee5a
  tag: v0.2.7
  bundle: dist/prebuilt-assets-v0.1.0-candidate.tar.zst
  bundle_sha256: 07a3c845c47abe6689f35eaab93b3013021b8b0f35c846ddb4c6e3a4eacf5692
scientific_freeze:
  isaac_social_nav: 76f10a96b43c890618b3fd6c19575328945e1a07
  wrapper_lab_clone: 64e8bb3c69eb7cd467e87e6a4254d7471858698a
  hunav_lab_clone: 5cba35e74b6d7f8f08fc8bd857953f21064a873d
  esc_cardiff: c67d74ab13b893547a98b5e6cc2e310ffe28b28f
apt:
  # Host apt versions this family was built and tested against. Bootstrap
  # installs these and holds them. ros_snapshot is the archive that serves
  # the ROS debs at those versions.
  ros_snapshot: http://snapshots.ros.org/jazzy/2026-06-18/ubuntu
  ros_snapshot_dist: noble
  # snapshots.ros.org is signed by ROS Snapshot builder, not packages.ros.org.
  ros_snapshot_key: config/apt/ros-snapshot.asc
  ros_snapshot_key_fingerprint: 4B63CF8FDE49746E98FA01DDAD19BAB3CBF125EA
  ros_snapshot_keyring: /usr/share/keyrings/ros-snapshot-keyring.gpg
  packages:
    python3-yaml: "6.0.1-2build2"
    python3-pytest: "7.4.4-1"
    python3-colcon-common-extensions: "0.3.0-100"
    liboctomap-dev: "1.9.7+dfsg-3.1build3"
    zstd: "1.5.5+dfsg2-2build1.1"
    ros-jazzy-ompl: "1.7.0-2noble.20260225.055751"
    ros-jazzy-behaviortree-cpp: "4.9.0-1noble.20260615.161133"
    ros-jazzy-cv-bridge: "4.1.0-1noble.20260615.144656"
    ros-jazzy-grid-map: "2.2.2-2noble.20260615.182823"
    ros-jazzy-pcl-ros: "2.6.4-1noble.20260615.153330"
    ros-jazzy-navigation2: "1.3.12-1noble.20260615.181551"
    ros-jazzy-nav2-amcl: "1.3.12-1noble.20260615.153115"
    ros-jazzy-nav2-behaviors: "1.3.12-1noble.20260615.170333"
    ros-jazzy-nav2-behavior-tree: "1.3.12-1noble.20260615.162300"
    ros-jazzy-nav2-bringup: "1.3.12-1noble.20260616.082701"
    ros-jazzy-nav2-bt-navigator: "1.3.12-1noble.20260615.165211"
    ros-jazzy-nav2-collision-monitor: "1.3.12-1noble.20260615.160103"
    ros-jazzy-nav2-common: "1.3.12-1noble.20260615.145421"
    ros-jazzy-nav2-constrained-smoother: "1.3.12-1noble.20260615.172212"
    ros-jazzy-nav2-controller: "1.3.12-1noble.20260615.165600"
    ros-jazzy-nav2-core: "1.3.12-1noble.20260615.164834"
    ros-jazzy-nav2-costmap-2d: "1.3.12-1noble.20260615.154707"
    ros-jazzy-nav2-dwb-controller: "1.3.12-1noble.20260615.181312"
    ros-jazzy-nav2-graceful-controller: "1.3.12-1noble.20260615.170042"
    ros-jazzy-nav2-lifecycle-manager: "1.3.12-1noble.20260615.152740"
    ros-jazzy-nav2-map-server: "1.3.12-1noble.20260615.153120"
    ros-jazzy-nav2-mppi-controller: "1.3.12-1noble.20260615.165555"
    ros-jazzy-nav2-msgs: "1.3.12-1noble.20260615.145957"
    ros-jazzy-nav2-navfn-planner: "1.3.12-1noble.20260615.170058"
    ros-jazzy-nav2-planner: "1.3.12-1noble.20260615.170058"
    ros-jazzy-nav2-regulated-pure-pursuit-controller: "1.3.12-1noble.20260615.170110"
    ros-jazzy-nav2-rotation-shim-controller: "1.3.12-1noble.20260615.170216"
    ros-jazzy-nav2-route: "1.3.12-1noble.20260615.165604"
    ros-jazzy-nav2-rviz-plugins: "1.3.12-1noble.20260615.171114"
    ros-jazzy-nav2-simple-commander: "1.3.12-1noble.20260615.151451"
    ros-jazzy-nav2-smac-planner: "1.3.12-1noble.20260615.170444"
    ros-jazzy-nav2-smoother: "1.3.12-1noble.20260615.165713"
    ros-jazzy-nav2-theta-star-planner: "1.3.12-1noble.20260615.172312"
    ros-jazzy-nav2-util: "1.3.12-1noble.20260615.152147"
    ros-jazzy-nav2-velocity-smoother: "1.3.12-1noble.20260615.153210"
    ros-jazzy-nav2-voxel-grid: "1.3.12-1noble.20260615.154410"
    ros-jazzy-nav2-waypoint-follower: "1.3.12-1noble.20260615.170606"
environment:
  # Host tooling this family was built and tested against. Doctor reports
  # mismatch as NOTE and does not fail.
  isaac_version: "6.0.1-rc.7+release.42383.32955d8d.gl"
  python: "3.12.3"
  pandas: "2.1.4"
  numpy: "1.26.4"
  assimp_utils: "5.3.1+ds-2build1"
  nvidia_driver: "595.84"
  nvidia_driver_minimum: "595.58.03"
  lightsfm_include: /usr/local/include/lightsfm
  lightsfm_include_sha256: 28d66cd8eae01ceaacdf16cf117ea77e7c6461408188a5459ef2fae6c39b8dc0
